
Microsoft Visual Studio Solution File, Format Version 12.00
# Visual Studio Version 17
VisualStudioVersion = 17.14.37314.3 d17.14
MinimumVisualStudioVersion = 10.0.40219.1
Project("{FAE04EC0-301F-11D3-BF4B-00C04F79EFBC}") = "Elevate.FitnessApp", "Elevate.FitnessApp\Elevate.FitnessApp.csproj", "{C931BF15-1809-4766-B208-44104A6F797C}"
EndProject
Global
	GlobalSection(SolutionConfigurationPlatforms) = preSolution
		Debug|Any CPU = Debug|Any CPU
		Release|Any CPU = Release|Any CPU
	EndGlobalSection
	GlobalSection(ProjectConfigurationPlatforms) = postSolution
		{C931BF15-1809-4766-B208-44104A6F797C}.Debug|Any CPU.ActiveCfg = Debug|Any CPU
		{C931BF15-1809-4766-B208-44104A6F797C}.Debug|Any CPU.Build.0 = Debug|Any CPU
		{C931BF15-1809-4766-B208-44104A6F797C}.Release|Any CPU.ActiveCfg = Release|Any CPU
		{C931BF15-1809-4766-B208-44104A6F797C}.Release|Any CPU.Build.0 = Release|Any CPU
	EndGlobalSection
	GlobalSection(SolutionProperties) = preSolution
		HideSolutionNode = FALSE
	EndGlobalSection
	GlobalSection(ExtensibilityGlobals) = postSolution
		SolutionGuid = {10895F03-BA96-4AB5-9282-6AF5ECC9DFA9}
	EndGlobalSection
EndGlobal
